
Microsoft Visual Studio Solution File, Format Version 12.00
# Visual Studio Version 16
VisualStudioVersion = 16.0.30621.155
MinimumVisualStudioVersion = 10.0.40219.1
Project("{8BC9CEB8-8B4A-11D0-8D11-00A0C91BC942}") = "Playground", "Playground\Playground.vcxproj", "{6035EF2F-B2BB-4A74-A9A1-7B5F37D4B280}"
EndProject
Global
	GlobalSection(SolutionConfigurationPlatforms) = preSolution
		Debug|x64 = Debug|x64
		Debug|x86 = Debug|x86
		Release|x64 = Release|x64
		Release|x86 = Release|x86
	EndGlobalSection
	GlobalSection(ProjectConfigurationPlatforms) = postSolution
		{6035EF2F-B2BB-4A74-A9A1-7B5F37D4B280}.Debug|x64.ActiveCfg = Debug|x64
		{6035EF2F-B2BB-4A74-A9A1-7B5F37D4B280}.Debug|x64.Build.0 = Debug|x64
		{6035EF2F-B2BB-4A74-A9A1-7B5F37D4B280}.Debug|x86.ActiveCfg = Debug|Win32
		{6035EF2F-B2BB-4A74-A9A1-7B5F37D4B280}.Debug|x86.Build.0 = Debug|Win32
		{6035EF2F-B2BB-4A74-A9A1-7B5F37D4B280}.Release|x64.ActiveCfg = Release|x64
		{6035EF2F-B2BB-4A74-A9A1-7B5F37D4B280}.Release|x64.Build.0 = Release|x64
		{6035EF2F-B2BB-4A74-A9A1-7B5F37D4B280}.Release|x86.ActiveCfg = Release|Win32
		{6035EF2F-B2BB-4A74-A9A1-7B5F37D4B280}.Release|x86.Build.0 = Release|Win32
	EndGlobalSection
	GlobalSection(SolutionProperties) = preSolution
		HideSolutionNode = FALSE
	EndGlobalSection
	GlobalSection(ExtensibilityGlobals) = postSolution
		SolutionGuid = {BA9E26C1-7C82-4EF1-AF6F-F66917CE3A14}
	EndGlobalSection
EndGlobal
